
Microsoft Visual Studio Solution File, Format Version 12.00
# Visual Studio 15
VisualStudioVersion = 15.0.28307.1340
MinimumVisualStudioVersion = 10.0.40219.1
Project("{FAE04EC0-301F-11D3-BF4B-00C04F79EFBC}") = "CadastroDeSeries", "CadastroDeSeries\CadastroDeSeries.csproj", "{7E44CE59-236B-4176-B610-E83F2EF01F1F}"
EndProject
Global
	GlobalSection(SolutionConfigurationPlatforms) = preSolution
		Debug|Any CPU = Debug|Any CPU
		Release|Any CPU = Release|Any CPU
	EndGlobalSection
	GlobalSection(ProjectConfigurationPlatforms) = postSolution
		{7E44CE59-236B-4176-B610-E83F2EF01F1F}.Debug|Any CPU.ActiveCfg = Debug|Any CPU
		{7E44CE59-236B-4176-B610-E83F2EF01F1F}.Debug|Any CPU.Build.0 = Debug|Any CPU
		{7E44CE59-236B-4176-B610-E83F2EF01F1F}.Release|Any CPU.ActiveCfg = Release|Any CPU
		{7E44CE59-236B-4176-B610-E83F2EF01F1F}.Release|Any CPU.Build.0 = Release|Any CPU
	EndGlobalSection
	GlobalSection(SolutionProperties) = preSolution
		HideSolutionNode = FALSE
	EndGlobalSection
	GlobalSection(ExtensibilityGlobals) = postSolution
		SolutionGuid = {C078B091-3621-43C6-995C-3B0FAC1B4FFB}
	EndGlobalSection
EndGlobal
